
Microsoft Visual Studio Solution File, Format Version 12.00
# Visual Studio Version 16
VisualStudioVersion = 16.0.37027.11
MinimumVisualStudioVersion = 10.0.40219.1
Project("{9A19103F-16F7-4668-BE54-9A1E7A4F7556}") = "WinFormsApp1", "WinFormsApp1\WinFormsApp1.csproj", "{C4E51818-7EDB-4BB7-9A68-5FF3065A223C}"
EndProject
Project("{9A19103F-16F7-4668-BE54-9A1E7A4F7556}") = "WpfApp1", "WpfApp1\WpfApp1.csproj", "{5D6F28CA-C1FC-4FD0-9CD1-4CF7C010A948}"
EndProject
Project("{9A19103F-16F7-4668-BE54-9A1E7A4F7556}") = "WinUI3App", "WinUI3App\WinUI3App.csproj", "{08EBFEFC-D693-4E2E-874C-1DD7AB63B358}"
EndProject
Project("{9A19103F-16F7-4668-BE54-9A1E7A4F7556}") = "WinUINotes", "WinUINotes\WinUINotes.csproj", "{CCDA32E1-9F3E-4B8D-82B3-245310A20CC3}"
EndProject
Project("{9A19103F-16F7-4668-BE54-9A1E7A4F7556}") = "SampleWinUIClassLibrary", "SampleWinUIClassLibrary\SampleWinUIClassLibrary.csproj", "{D0844A04-B4C9-4B9B-9F02-D1D49B94ECD5}"
EndProject
Project("{9A19103F-16F7-4668-BE54-9A1E7A4F7556}") = "WinFormsWithIslandApp", "WinFormsWithIslandApp\WinFormsWithIslandApp.csproj", "{C3D53652-CAA4-4101-8083-A4D645F7A6B7}"
EndProject
Global
	GlobalSection(SolutionConfigurationPlatforms) = preSolution
		Debug|x64 = Debug|x64
		Release|x64 = Release|x64
	EndGlobalSection
	GlobalSection(ProjectConfigurationPlatforms) = postSolution
		{C4E51818-7EDB-4BB7-9A68-5FF3065A223C}.Debug|x64.ActiveCfg = Debug|x64
		{C4E51818-7EDB-4BB7-9A68-5FF3065A223C}.Debug|x64.Build.0 = Debug|x64
		{C4E51818-7EDB-4BB7-9A68-5FF3065A223C}.Release|x64.ActiveCfg = Release|x64
		{C4E51818-7EDB-4BB7-9A68-5FF3065A223C}.Release|x64.Build.0 = Release|x64
		{5D6F28CA-C1FC-4FD0-9CD1-4CF7C010A948}.Debug|x64.ActiveCfg = Debug|x64
		{5D6F28CA-C1FC-4FD0-9CD1-4CF7C010A948}.Debug|x64.Build.0 = Debug|x64
		{5D6F28CA-C1FC-4FD0-9CD1-4CF7C010A948}.Release|x64.ActiveCfg = Release|x64
		{5D6F28CA-C1FC-4FD0-9CD1-4CF7C010A948}.Release|x64.Build.0 = Release|x64
		{08EBFEFC-D693-4E2E-874C-1DD7AB63B358}.Debug|x64.ActiveCfg = Debug|x64
		{08EBFEFC-D693-4E2E-874C-1DD7AB63B358}.Debug|x64.Build.0 = Debug|x64
		{08EBFEFC-D693-4E2E-874C-1DD7AB63B358}.Release|x64.ActiveCfg = Release|x64
		{08EBFEFC-D693-4E2E-874C-1DD7AB63B358}.Release|x64.Build.0 = Release|x64
		{CCDA32E1-9F3E-4B8D-82B3-245310A20CC3}.Debug|x64.ActiveCfg = Debug|x64
		{CCDA32E1-9F3E-4B8D-82B3-245310A20CC3}.Debug|x64.Build.0 = Debug|x64
		{CCDA32E1-9F3E-4B8D-82B3-245310A20CC3}.Release|x64.ActiveCfg = Release|x64
		{CCDA32E1-9F3E-4B8D-82B3-245310A20CC3}.Release|x64.Build.0 = Release|x64
		{D0844A04-B4C9-4B9B-9F02-D1D49B94ECD5}.Debug|x64.ActiveCfg = Debug|Any CPU
		{D0844A04-B4C9-4B9B-9F02-D1D49B94ECD5}.Debug|x64.Build.0 = Debug|Any CPU
		{D0844A04-B4C9-4B9B-9F02-D1D49B94ECD5}.Release|x64.ActiveCfg = Release|Any CPU
		{D0844A04-B4C9-4B9B-9F02-D1D49B94ECD5}.Release|x64.Build.0 = Release|Any CPU
		{C3D53652-CAA4-4101-8083-A4D645F7A6B7}.Debug|x64.ActiveCfg = Debug|x64
		{C3D53652-CAA4-4101-8083-A4D645F7A6B7}.Debug|x64.Build.0 = Debug|x64
		{C3D53652-CAA4-4101-8083-A4D645F7A6B7}.Release|x64.ActiveCfg = Release|x64
		{C3D53652-CAA4-4101-8083-A4D645F7A6B7}.Release|x64.Build.0 = Release|x64
	EndGlobalSection
	GlobalSection(SolutionProperties) = preSolution
		HideSolutionNode = FALSE
	EndGlobalSection
	GlobalSection(ExtensibilityGlobals) = postSolution
		SolutionGuid = {53A87D88-71C8-46DD-BA3F-225325C378B9}
	EndGlobalSection
EndGlobal
