<Solution>
  <Configurations>
    <Platform Name="x64" />
  </Configurations>
  <Project Path="SampleWinUIClassLibrary/SampleWinUIClassLibrary.csproj" />
  <Project Path="WinFormsApp1/WinFormsApp1.csproj">
    <Platform Project="x64" />
  </Project>
  <Project Path="WinFormsWithIslandApp/WinFormsWithIslandApp.csproj">
    <Platform Project="x64" />
  </Project>
  <Project Path="WinUI3App/WinUI3App.csproj">
    <Platform Project="x64" />
  </Project>
  <Project Path="WinUINotes/WinUINotes.csproj">
    <Platform Project="x64" />
  </Project>
  <Project Path="WpfApp1/WpfApp1.csproj">
    <Platform Project="x64" />
  </Project>
</Solution>
